// !$*UTF8*$!
{
	archiveVersion = 1;
	classes = {
	};
	objectVersion = 56;
	objects = {

/* Begin PBXBuildFile section */
		980AB5A2365D53A0725293F8 /* Pods_SmartAccount.framework in Frameworks */ = {isa = PBXBuildFile; fileRef = 68AF44774467E05B3B5BB453 /* Pods_SmartAccount.framework */; };
		99FA46F8C7A43307445EBDE8 /* Pods_SmartAccount_Dashboard.framework in Frameworks */ = {isa = PBXBuildFile; fileRef = C40E7E36DBD4A613646642AF /* Pods_SmartAccount_Dashboard.framework */; };
		BA1F4DDC2962F45D00D8EB55 /* AppDelegate.swift in Sources */ = {isa = PBXBuildFile; fileRef = BA1F4DDB2962F45D00D8EB55 /* AppDelegate.swift */; };
		BA1F4DDE2962F45D00D8EB55 /* SceneDelegate.swift in Sources */ = {isa = PBXBuildFile; fileRef = BA1F4DDD2962F45D00D8EB55 /* SceneDelegate.swift */; };
		BA1F4DE02962F45D00D8EB55 /* AllAccountsViewController.swift in Sources */ = {isa = PBXBuildFile; fileRef = BA1F4DDF2962F45D00D8EB55 /* AllAccountsViewController.swift */; };
		BA1F4DE52962F46100D8EB55 /* Assets.xcassets in Resources */ = {isa = PBXBuildFile; fileRef = BA1F4DE42962F46100D8EB55 /* Assets.xcassets */; };
		BA1F4DE82962F46100D8EB55 /* LaunchScreen.storyboard in Resources */ = {isa = PBXBuildFile; fileRef = BA1F4DE62962F46100D8EB55 /* LaunchScreen.storyboard */; };
		BA1F4DEE296314CD00D8EB55 /* AppCoordinator.swift in Sources */ = {isa = PBXBuildFile; fileRef = BA1F4DED296314CD00D8EB55 /* AppCoordinator.swift */; };
		BA1F4DF02963153800D8EB55 /* AllAccountsCoordinator.swift in Sources */ = {isa = PBXBuildFile; fileRef = BA1F4DEF2963153800D8EB55 /* AllAccountsCoordinator.swift */; };
		BA1F4DF22963171500D8EB55 /* AllAccountsViewModel.swift in Sources */ = {isa = PBXBuildFile; fileRef = BA1F4DF12963171500D8EB55 /* AllAccountsViewModel.swift */; };
		BA20CEFF29633B4900F3C93A /* NetworkAccountManager.swift in Sources */ = {isa = PBXBuildFile; fileRef = BA20CEFE29633B4900F3C93A /* NetworkAccountManager.swift */; };
		BA20CF0229633C0E00F3C93A /* BankAccount.swift in Sources */ = {isa = PBXBuildFile; fileRef = BA20CF0129633C0E00F3C93A /* BankAccount.swift */; };
		BA20CF0429633FEF00F3C93A /* NetworkError.swift in Sources */ = {isa = PBXBuildFile; fileRef = BA20CF0329633FEF00F3C93A /* NetworkError.swift */; };
		BA20CF0729639AF400F3C93A /* BankAccountCell.swift in Sources */ = {isa = PBXBuildFile; fileRef = BA20CF0629639AF400F3C93A /* BankAccountCell.swift */; };
		BA20CF0929646DD700F3C93A /* TotalAmountCell.swift in Sources */ = {isa = PBXBuildFile; fileRef = BA20CF0829646DD700F3C93A /* TotalAmountCell.swift */; };
		BA20CF0B2964773800F3C93A /* AllTransactionsCell.swift in Sources */ = {isa = PBXBuildFile; fileRef = BA20CF0A2964773800F3C93A /* AllTransactionsCell.swift */; };
		BA20CF10296838C800F3C93A /* AllTransactionsCoordinator.swift in Sources */ = {isa = PBXBuildFile; fileRef = BA20CF0F296838C800F3C93A /* AllTransactionsCoordinator.swift */; };
		BA20CF1229683D9A00F3C93A /* AllTransactionsViewModel.swift in Sources */ = {isa = PBXBuildFile; fileRef = BA20CF1129683D9A00F3C93A /* AllTransactionsViewModel.swift */; };
		BA20CF1429683EF400F3C93A /* Transaction.swift in Sources */ = {isa = PBXBuildFile; fileRef = BA20CF1329683EF400F3C93A /* Transaction.swift */; };
		BA20CF1629685A2E00F3C93A /* AllTransactionsViewController.swift in Sources */ = {isa = PBXBuildFile; fileRef = BA20CF1529685A2E00F3C93A /* AllTransactionsViewController.swift */; };
		BA20CF192968662D00F3C93A /* CardCell.swift in Sources */ = {isa = PBXBuildFile; fileRef = BA20CF182968662D00F3C93A /* CardCell.swift */; };
		BA20CF28296C628600F3C93A /* AddAccountCoordinator.swift in Sources */ = {isa = PBXBuildFile; fileRef = BA20CF27296C628600F3C93A /* AddAccountCoordinator.swift */; };
		BA20CF2A296C629800F3C93A /* AddAccountViewController.swift in Sources */ = {isa = PBXBuildFile; fileRef = BA20CF29296C629800F3C93A /* AddAccountViewController.swift */; };
		BA20CF2C296C62A400F3C93A /* AddAccountViewModel.swift in Sources */ = {isa = PBXBuildFile; fileRef = BA20CF2B296C62A400F3C93A /* AddAccountViewModel.swift */; };
		BA20CF2F296CB17700F3C93A /* NetworkBankManager.swift in Sources */ = {isa = PBXBuildFile; fileRef = BA20CF2E296CB17700F3C93A /* NetworkBankManager.swift */; };
		BA20CF31296CB23600F3C93A /* Bank.swift in Sources */ = {isa = PBXBuildFile; fileRef = BA20CF30296CB23600F3C93A /* Bank.swift */; };
		BA20CF34296CC38B00F3C93A /* BankCell.swift in Sources */ = {isa = PBXBuildFile; fileRef = BA20CF33296CC38B00F3C93A /* BankCell.swift */; };
		BA20CF37296CD51300F3C93A /* FormField.swift in Sources */ = {isa = PBXBuildFile; fileRef = BA20CF36296CD51300F3C93A /* FormField.swift */; };
		BA20CF3A296CD5E100F3C93A /* SetupView.swift in Sources */ = {isa = PBXBuildFile; fileRef = BA20CF39296CD5E100F3C93A /* SetupView.swift */; };
		BA20CF3C296D844C00F3C93A /* Storyboard.storyboard in Resources */ = {isa = PBXBuildFile; fileRef = BA20CF3B296D844C00F3C93A /* Storyboard.storyboard */; };
		BA20CF40296DADE700F3C93A /* TableOptions.swift in Sources */ = {isa = PBXBuildFile; fileRef = BA20CF3F296DADE700F3C93A /* TableOptions.swift */; };
		BA20CF43296DAF9E00F3C93A /* OptionCell.swift in Sources */ = {isa = PBXBuildFile; fileRef = BA20CF42296DAF9E00F3C93A /* OptionCell.swift */; };
		BA67D44A2954B585005B57C9 /* AppDelegate.swift in Sources */ = {isa = PBXBuildFile; fileRef = BA67D4492954B585005B57C9 /* AppDelegate.swift */; };
		BA67D44C2954B585005B57C9 /* SceneDelegate.swift in Sources */ = {isa = PBXBuildFile; fileRef = BA67D44B2954B585005B57C9 /* SceneDelegate.swift */; };
		BA67D44E2954B585005B57C9 /* ViewController.swift in Sources */ = {isa = PBXBuildFile; fileRef = BA67D44D2954B585005B57C9 /* ViewController.swift */; };
		BA67D4512954B585005B57C9 /* Main.storyboard in Resources */ = {isa = PBXBuildFile; fileRef = BA67D44F2954B585005B57C9 /* Main.storyboard */; };
		BA67D4532954B587005B57C9 /* Assets.xcassets in Resources */ = {isa = PBXBuildFile; fileRef = BA67D4522954B587005B57C9 /* Assets.xcassets */; };
		BA67D4562954B587005B57C9 /* LaunchScreen.storyboard in Resources */ = {isa = PBXBuildFile; fileRef = BA67D4542954B587005B57C9 /* LaunchScreen.storyboard */; };
		BA67D4642954B93C005B57C9 /* AppDelegate.swift in Sources */ = {isa = PBXBuildFile; fileRef = BA67D4632954B93C005B57C9 /* AppDelegate.swift */; };
		BA67D4662954B93C005B57C9 /* SceneDelegate.swift in Sources */ = {isa = PBXBuildFile; fileRef = BA67D4652954B93C005B57C9 /* SceneDelegate.swift */; };
		BA67D4682954B93C005B57C9 /* WidgetMainController.swift in Sources */ = {isa = PBXBuildFile; fileRef = BA67D4672954B93C005B57C9 /* WidgetMainController.swift */; };
		BA67D46B2954B93C005B57C9 /* Main.storyboard in Resources */ = {isa = PBXBuildFile; fileRef = BA67D4692954B93C005B57C9 /* Main.storyboard */; };
		BA67D46D2954B93E005B57C9 /* Assets.xcassets in Resources */ = {isa = PBXBuildFile; fileRef = BA67D46C2954B93E005B57C9 /* Assets.xcassets */; };
		BA67D4702954B93E005B57C9 /* LaunchScreen.storyboard in Resources */ = {isa = PBXBuildFile; fileRef = BA67D46E2954B93E005B57C9 /* LaunchScreen.storyboard */; };
		BA67D4762955051C005B57C9 /* MainCoordinator.swift in Sources */ = {isa = PBXBuildFile; fileRef = BA67D4752955051C005B57C9 /* MainCoordinator.swift */; };
		BA67D4792955062E005B57C9 /* MainWidgetViewModel.swift in Sources */ = {isa = PBXBuildFile; fileRef = BA67D4782955062E005B57C9 /* MainWidgetViewModel.swift */; };
		BA67D47C295E4B2B005B57C9 /* RedButton.swift in Sources */ = {isa = PBXBuildFile; fileRef = BA67D47B295E4B2B005B57C9 /* RedButton.swift */; };
		BA67D47E295EDF3D005B57C9 /* RoundNumberView.swift in Sources */ = {isa = PBXBuildFile; fileRef = BA67D47D295EDF3D005B57C9 /* RoundNumberView.swift */; };
		BAC2C32A296F33B00095345F /* AllCell.swift in Sources */ = {isa = PBXBuildFile; fileRef = BAC2C329296F33B00095345F /* AllCell.swift */; };
		BAC2C32D296F54CF0095345F /* UITextField+Ext.swift in Sources */ = {isa = PBXBuildFile; fileRef = BAC2C32C296F54CF0095345F /* UITextField+Ext.swift */; };
		BAC2C32F296F58090095345F /* TransactionCell.swift in Sources */ = {isa = PBXBuildFile; fileRef = BAC2C32E296F58090095345F /* TransactionCell.swift */; };
		BAC2C332296F59B80095345F /* NetworkTransactionManager.swift in Sources */ = {isa = PBXBuildFile; fileRef = BAC2C331296F59B80095345F /* NetworkTransactionManager.swift */; };
		BAC2C334296F684A0095345F /* Array+Ext.swift in Sources */ = {isa = PBXBuildFile; fileRef = BAC2C333296F684A0095345F /* Array+Ext.swift */; };
		BAC2C336296F715B0095345F /* String+Ext.swift in Sources */ = {isa = PBXBuildFile; fileRef = BAC2C335296F715B0095345F /* String+Ext.swift */; };
		BAC2C339297006100095345F /* BankAccountView.swift in Sources */ = {isa = PBXBuildFile; fileRef = BAC2C338297006100095345F /* BankAccountView.swift */; };
		BAC2C33C2970C79C0095345F /* SearchTextField.swift in Sources */ = {isa = PBXBuildFile; fileRef = BAC2C33B2970C79B0095345F /* SearchTextField.swift */; };
		BAC2C33F297157F40095345F /* FilterView.swift in Sources */ = {isa = PBXBuildFile; fileRef = BAC2C33E297157F40095345F /* FilterView.swift */; };
		BAC2C341297158040095345F /* FilterView.xib in Resources */ = {isa = PBXBuildFile; fileRef = BAC2C340297158040095345F /* FilterView.xib */; };
		F7C8421E63F43351EF1A7A34 /* Pods_BankAccounts.framework in Frameworks */ = {isa = PBXBuildFile; fileRef = 1F9F3F575DA6751ECD85567E /* Pods_BankAccounts.framework */; };
/* End PBXBuildFile section */

/* Begin PBXFileReference section */
		155F248901481087DDB80711 /* Pods-SmartAccount-Dashboard.release.xcconfig */ = {isa = PBXFileReference; includeInIndex = 1; lastKnownFileType = text.xcconfig; name = "Pods-SmartAccount-Dashboard.release.xcconfig"; path = "Target Support Files/Pods-SmartAccount-Dashboard/Pods-SmartAccount-Dashboard.release.xcconfig"; sourceTree = "<group>"; };
		1F9F3F575DA6751ECD85567E /* Pods_BankAccounts.framework */ = {isa = PBXFileReference; explicitFileType = wrapper.framework; includeInIndex = 0; path = Pods_BankAccounts.framework; sourceTree = BUILT_PRODUCTS_DIR; };
		60EC28D61E9EF4138F249FAB /* Pods-SmartAccount-Dashboard.debug.xcconfig */ = {isa = PBXFileReference; includeInIndex = 1; lastKnownFileType = text.xcconfig; name = "Pods-SmartAccount-Dashboard.debug.xcconfig"; path = "Target Support Files/Pods-SmartAccount-Dashboard/Pods-SmartAccount-Dashboard.debug.xcconfig"; sourceTree = "<group>"; };
		67C04F48F69503B706FE8165 /* Pods-BankAccounts.release.xcconfig */ = {isa = PBXFileReference; includeInIndex = 1; lastKnownFileType = text.xcconfig; name = "Pods-BankAccounts.release.xcconfig"; path = "Target Support Files/Pods-BankAccounts/Pods-BankAccounts.release.xcconfig"; sourceTree = "<group>"; };
		68AF44774467E05B3B5BB453 /* Pods_SmartAccount.framework */ = {isa = PBXFileReference; explicitFileType = wrapper.framework; includeInIndex = 0; path = Pods_SmartAccount.framework; sourceTree = BUILT_PRODUCTS_DIR; };
		80614BB22E665BECE253EE02 /* Pods-SmartAccount.debug.xcconfig */ = {isa = PBXFileReference; includeInIndex = 1; lastKnownFileType = text.xcconfig; name = "Pods-SmartAccount.debug.xcconfig"; path = "Target Support Files/Pods-SmartAccount/Pods-SmartAccount.debug.xcconfig"; sourceTree = "<group>"; };
		91A8B46BA038B9F1D051B1B6 /* Pods-BankAccounts.debug.xcconfig */ = {isa = PBXFileReference; includeInIndex = 1; lastKnownFileType = text.xcconfig; name = "Pods-BankAccounts.debug.xcconfig"; path = "Target Support Files/Pods-BankAccounts/Pods-BankAccounts.debug.xcconfig"; sourceTree = "<group>"; };
		BA1F4DD92962F45D00D8EB55 /* BankAccounts.app */ = {isa = PBXFileReference; explicitFileType = wrapper.application; includeInIndex = 0; path = BankAccounts.app; sourceTree = BUILT_PRODUCTS_DIR; };
		BA1F4DDB2962F45D00D8EB55 /* AppDelegate.swift */ = {isa = PBXFileReference; lastKnownFileType = sourcecode.swift; path = AppDelegate.swift; sourceTree = "<group>"; };
		BA1F4DDD2962F45D00D8EB55 /* SceneDelegate.swift */ = {isa = PBXFileReference; lastKnownFileType = sourcecode.swift; path = SceneDelegate.swift; sourceTree = "<group>"; };
		BA1F4DDF2962F45D00D8EB55 /* AllAccountsViewController.swift */ = {isa = PBXFileReference; lastKnownFileType = sourcecode.swift; path = AllAccountsViewController.swift; sourceTree = "<group>"; };
		BA1F4DE42962F46100D8EB55 /* Assets.xcassets */ = {isa = PBXFileReference; lastKnownFileType = folder.assetcatalog; path = Assets.xcassets; sourceTree = "<group>"; };
		BA1F4DE72962F46100D8EB55 /* Base */ = {isa = PBXFileReference; lastKnownFileType = file.storyboard; name = Base; path = Base.lproj/LaunchScreen.storyboard; sourceTree = "<group>"; };
		BA1F4DE92962F46100D8EB55 /* Info.plist */ = {isa = PBXFileReference; lastKnownFileType = text.plist.xml; path = Info.plist; sourceTree = "<group>"; };
		BA1F4DED296314CD00D8EB55 /* AppCoordinator.swift */ = {isa = PBXFileReference; lastKnownFileType = sourcecode.swift; path = AppCoordinator.swift; sourceTree = "<group>"; };
		BA1F4DEF2963153800D8EB55 /* AllAccountsCoordinator.swift */ = {isa = PBXFileReference; lastKnownFileType = sourcecode.swift; path = AllAccountsCoordinator.swift; sourceTree = "<group>"; };
		BA1F4DF12963171500D8EB55 /* AllAccountsViewModel.swift */ = {isa = PBXFileReference; lastKnownFileType = sourcecode.swift; path = AllAccountsViewModel.swift; sourceTree = "<group>"; };
		BA20CEFE29633B4900F3C93A /* NetworkAccountManager.swift */ = {isa = PBXFileReference; lastKnownFileType = sourcecode.swift; path = NetworkAccountManager.swift; sourceTree = "<group>"; };
		BA20CF0129633C0E00F3C93A /* BankAccount.swift */ = {isa = PBXFileReference; lastKnownFileType = sourcecode.swift; path = BankAccount.swift; sourceTree = "<group>"; };
		BA20CF0329633FEF00F3C93A /* NetworkError.swift */ = {isa = PBXFileReference; lastKnownFileType = sourcecode.swift; path = NetworkError.swift; sourceTree = "<group>"; };
		BA20CF0629639AF400F3C93A /* BankAccountCell.swift */ = {isa = PBXFileReference; lastKnownFileType = sourcecode.swift; path = BankAccountCell.swift; sourceTree = "<group>"; };
		BA20CF0829646DD700F3C93A /* TotalAmountCell.swift */ = {isa = PBXFileReference; lastKnownFileType = sourcecode.swift; path = TotalAmountCell.swift; sourceTree = "<group>"; };
		BA20CF0A2964773800F3C93A /* AllTransactionsCell.swift */ = {isa = PBXFileReference; lastKnownFileType = sourcecode.swift; path = AllTransactionsCell.swift; sourceTree = "<group>"; };
		BA20CF0F296838C800F3C93A /* AllTransactionsCoordinator.swift */ = {isa = PBXFileReference; lastKnownFileType = sourcecode.swift; path = AllTransactionsCoordinator.swift; sourceTree = "<group>"; };
		BA20CF1129683D9A00F3C93A /* AllTransactionsViewModel.swift */ = {isa = PBXFileReference; lastKnownFileType = sourcecode.swift; path = AllTransactionsViewModel.swift; sourceTree = "<group>"; };
		BA20CF1329683EF400F3C93A /* Transaction.swift */ = {isa = PBXFileReference; lastKnownFileType = sourcecode.swift; path = Transaction.swift; sourceTree = "<group>"; };
		BA20CF1529685A2E00F3C93A /* AllTransactionsViewController.swift */ = {isa = PBXFileReference; lastKnownFileType = sourcecode.swift; path = AllTransactionsViewController.swift; sourceTree = "<group>"; };
		BA20CF182968662D00F3C93A /* CardCell.swift */ = {isa = PBXFileReference; lastKnownFileType = sourcecode.swift; path = CardCell.swift; sourceTree = "<group>"; };
		BA20CF27296C628600F3C93A /* AddAccountCoordinator.swift */ = {isa = PBXFileReference; lastKnownFileType = sourcecode.swift; path = AddAccountCoordinator.swift; sourceTree = "<group>"; };
		BA20CF29296C629800F3C93A /* AddAccountViewController.swift */ = {isa = PBXFileReference; lastKnownFileType = sourcecode.swift; path = AddAccountViewController.swift; sourceTree = "<group>"; };
		BA20CF2B296C62A400F3C93A /* AddAccountViewModel.swift */ = {isa = PBXFileReference; lastKnownFileType = sourcecode.swift; path = AddAccountViewModel.swift; sourceTree = "<group>"; };
		BA20CF2E296CB17700F3C93A /* NetworkBankManager.swift */ = {isa = PBXFileReference; lastKnownFileType = sourcecode.swift; path = NetworkBankManager.swift; sourceTree = "<group>"; };
		BA20CF30296CB23600F3C93A /* Bank.swift */ = {isa = PBXFileReference; lastKnownFileType = sourcecode.swift; path = Bank.swift; sourceTree = "<group>"; };
		BA20CF33296CC38B00F3C93A /* BankCell.swift */ = {isa = PBXFileReference; lastKnownFileType = sourcecode.swift; path = BankCell.swift; sourceTree = "<group>"; };
		BA20CF36296CD51300F3C93A /* FormField.swift */ = {isa = PBXFileReference; lastKnownFileType = sourcecode.swift; path = FormField.swift; sourceTree = "<group>"; };
		BA20CF39296CD5E100F3C93A /* SetupView.swift */ = {isa = PBXFileReference; lastKnownFileType = sourcecode.swift; path = SetupView.swift; sourceTree = "<group>"; };
		BA20CF3B296D844C00F3C93A /* Storyboard.storyboard */ = {isa = PBXFileReference; lastKnownFileType = file.storyboard; path = Storyboard.storyboard; sourceTree = "<group>"; };
		BA20CF3F296DADE700F3C93A /* TableOptions.swift */ = {isa = PBXFileReference; lastKnownFileType = sourcecode.swift; path = TableOptions.swift; sourceTree = "<group>"; };
		BA20CF42296DAF9E00F3C93A /* OptionCell.swift */ = {isa = PBXFileReference; lastKnownFileType = sourcecode.swift; path = OptionCell.swift; sourceTree = "<group>"; };
		BA67D4462954B585005B57C9 /* SmartAccount.app */ = {isa = PBXFileReference; explicitFileType = wrapper.application; includeInIndex = 0; path = SmartAccount.app; sourceTree = BUILT_PRODUCTS_DIR; };
		BA67D4492954B585005B57C9 /* AppDelegate.swift */ = {isa = PBXFileReference; lastKnownFileType = sourcecode.swift; path = AppDelegate.swift; sourceTree = "<group>"; };
		BA67D44B2954B585005B57C9 /* SceneDelegate.swift */ = {isa = PBXFileReference; lastKnownFileType = sourcecode.swift; path = SceneDelegate.swift; sourceTree = "<group>"; };
		BA67D44D2954B585005B57C9 /* ViewController.swift */ = {isa = PBXFileReference; lastKnownFileType = sourcecode.swift; path = ViewController.swift; sourceTree = "<group>"; };
		BA67D4502954B585005B57C9 /* Base */ = {isa = PBXFileReference; lastKnownFileType = file.storyboard; name = Base; path = Base.lproj/Main.storyboard; sourceTree = "<group>"; };
		BA67D4522954B587005B57C9 /* Assets.xcassets */ = {isa = PBXFileReference; lastKnownFileType = folder.assetcatalog; path = Assets.xcassets; sourceTree = "<group>"; };
		BA67D4552954B587005B57C9 /* Base */ = {isa = PBXFileReference; lastKnownFileType = file.storyboard; name = Base; path = Base.lproj/LaunchScreen.storyboard; sourceTree = "<group>"; };
		BA67D4572954B587005B57C9 /* Info.plist */ = {isa = PBXFileReference; lastKnownFileType = text.plist.xml; path = Info.plist; sourceTree = "<group>"; };
		BA67D4612954B93C005B57C9 /* SmartAccount-Dashboard.app */ = {isa = PBXFileReference; explicitFileType = wrapper.application; includeInIndex = 0; path = "SmartAccount-Dashboard.app"; sourceTree = BUILT_PRODUCTS_DIR; };
		BA67D4632954B93C005B57C9 /* AppDelegate.swift */ = {isa = PBXFileReference; lastKnownFileType = sourcecode.swift; path = AppDelegate.swift; sourceTree = "<group>"; };
		BA67D4652954B93C005B57C9 /* SceneDelegate.swift */ = {isa = PBXFileReference; lastKnownFileType = sourcecode.swift; path = SceneDelegate.swift; sourceTree = "<group>"; };
		BA67D4672954B93C005B57C9 /* WidgetMainController.swift */ = {isa = PBXFileReference; lastKnownFileType = sourcecode.swift; path = WidgetMainController.swift; sourceTree = "<group>"; };
		BA67D46A2954B93C005B57C9 /* Base */ = {isa = PBXFileReference; lastKnownFileType = file.storyboard; name = Base; path = Base.lproj/Main.storyboard; sourceTree = "<group>"; };
		BA67D46C2954B93E005B57C9 /* Assets.xcassets */ = {isa = PBXFileReference; lastKnownFileType = folder.assetcatalog; path = Assets.xcassets; sourceTree = "<group>"; };
		BA67D46F2954B93E005B57C9 /* Base */ = {isa = PBXFileReference; lastKnownFileType = file.storyboard; name = Base; path = Base.lproj/LaunchScreen.storyboard; sourceTree = "<group>"; };
		BA67D4712954B93E005B57C9 /* Info.plist */ = {isa = PBXFileReference; lastKnownFileType = text.plist.xml; path = Info.plist; sourceTree = "<group>"; };
		BA67D4752955051C005B57C9 /* MainCoordinator.swift */ = {isa = PBXFileReference; lastKnownFileType = sourcecode.swift; path = MainCoordinator.swift; sourceTree = "<group>"; };
		BA67D4782955062E005B57C9 /* MainWidgetViewModel.swift */ = {isa = PBXFileReference; lastKnownFileType = sourcecode.swift; path = MainWidgetViewModel.swift; sourceTree = "<group>"; };
		BA67D47B295E4B2B005B57C9 /* RedButton.swift */ = {isa = PBXFileReference; lastKnownFileType = sourcecode.swift; path = RedButton.swift; sourceTree = "<group>"; };
		BA67D47D295EDF3D005B57C9 /* RoundNumberView.swift */ = {isa = PBXFileReference; lastKnownFileType = sourcecode.swift; path = RoundNumberView.swift; sourceTree = "<group>"; };
		BAC2C329296F33B00095345F /* AllCell.swift */ = {isa = PBXFileReference; lastKnownFileType = sourcecode.swift; path = AllCell.swift; sourceTree = "<group>"; };
		BAC2C32C296F54CF0095345F /* UITextField+Ext.swift */ = {isa = PBXFileReference; lastKnownFileType = sourcecode.swift; path = "UITextField+Ext.swift"; sourceTree = "<group>"; };
		BAC2C32E296F58090095345F /* TransactionCell.swift */ = {isa = PBXFileReference; lastKnownFileType = sourcecode.swift; path = TransactionCell.swift; sourceTree = "<group>"; };
		BAC2C331296F59B80095345F /* NetworkTransactionManager.swift */ = {isa = PBXFileReference; lastKnownFileType = sourcecode.swift; path = NetworkTransactionManager.swift; sourceTree = "<group>"; };
		BAC2C333296F684A0095345F /* Array+Ext.swift */ = {isa = PBXFileReference; lastKnownFileType = sourcecode.swift; path = "Array+Ext.swift"; sourceTree = "<group>"; };
		BAC2C335296F715B0095345F /* String+Ext.swift */ = {isa = PBXFileReference; lastKnownFileType = sourcecode.swift; path = "String+Ext.swift"; sourceTree = "<group>"; };
		BAC2C338297006100095345F /* BankAccountView.swift */ = {isa = PBXFileReference; lastKnownFileType = sourcecode.swift; path = BankAccountView.swift; sourceTree = "<group>"; };
		BAC2C33B2970C79B0095345F /* SearchTextField.swift */ = {isa = PBXFileReference; lastKnownFileType = sourcecode.swift; path = SearchTextField.swift; sourceTree = "<group>"; };
		BAC2C33E297157F40095345F /* FilterView.swift */ = {isa = PBXFileReference; lastKnownFileType = sourcecode.swift; path = FilterView.swift; sourceTree = "<group>"; };
		BAC2C340297158040095345F /* FilterView.xib */ = {isa = PBXFileReference; lastKnownFileType = file.xib; path = FilterView.xib; sourceTree = "<group>"; };
		C40E7E36DBD4A613646642AF /* Pods_SmartAccount_Dashboard.framework */ = {isa = PBXFileReference; explicitFileType = wrapper.framework; includeInIndex = 0; path = Pods_SmartAccount_Dashboard.framework; sourceTree = BUILT_PRODUCTS_DIR; };
		F7DFF465E8201666CFD4091F /* Pods-SmartAccount.release.xcconfig */ = {isa = PBXFileReference; includeInIndex = 1; lastKnownFileType = text.xcconfig; name = "Pods-SmartAccount.release.xcconfig"; path = "Target Support Files/Pods-SmartAccount/Pods-SmartAccount.release.xcconfig"; sourceTree = "<group>"; };
/* End PBXFileReference section */

/* Begin PBXFrameworksBuildPhase section */
		BA1F4DD62962F45D00D8EB55 /* Frameworks */ = {
			isa = PBXFrameworksBuildPhase;
			buildActionMask = 2147483647;
			files = (
				F7C8421E63F43351EF1A7A34 /* Pods_BankAccounts.framework in Frameworks */,
			);
			runOnlyForDeploymentPostprocessing = 0;
		};
		BA67D4432954B585005B57C9 /* Frameworks */ = {
			isa = PBXFrameworksBuildPhase;
			buildActionMask = 2147483647;
			files = (
				980AB5A2365D53A0725293F8 /* Pods_SmartAccount.framework in Frameworks */,
			);
			runOnlyForDeploymentPostprocessing = 0;
		};
		BA67D45E2954B93C005B57C9 /* Frameworks */ = {
			isa = PBXFrameworksBuildPhase;
			buildActionMask = 2147483647;
			files = (
				99FA46F8C7A43307445EBDE8 /* Pods_SmartAccount_Dashboard.framework in Frameworks */,
			);
			runOnlyForDeploymentPostprocessing = 0;
		};
/* End PBXFrameworksBuildPhase section */

/* Begin PBXGroup section */
		40AB518F1E7FCB9592AF8F4D /* Pods */ = {
			isa = PBXGroup;
			children = (
				91A8B46BA038B9F1D051B1B6 /* Pods-BankAccounts.debug.xcconfig */,
				67C04F48F69503B706FE8165 /* Pods-BankAccounts.release.xcconfig */,
				80614BB22E665BECE253EE02 /* Pods-SmartAccount.debug.xcconfig */,
				F7DFF465E8201666CFD4091F /* Pods-SmartAccount.release.xcconfig */,
				60EC28D61E9EF4138F249FAB /* Pods-SmartAccount-Dashboard.debug.xcconfig */,
				155F248901481087DDB80711 /* Pods-SmartAccount-Dashboard.release.xcconfig */,
			);
			path = Pods;
			sourceTree = "<group>";
		};
		9A316B97612101883C9753EA /* Frameworks */ = {
			isa = PBXGroup;
			children = (
				1F9F3F575DA6751ECD85567E /* Pods_BankAccounts.framework */,
				68AF44774467E05B3B5BB453 /* Pods_SmartAccount.framework */,
				C40E7E36DBD4A613646642AF /* Pods_SmartAccount_Dashboard.framework */,
			);
			name = Frameworks;
			sourceTree = "<group>";
		};
		BA1F4DDA2962F45D00D8EB55 /* BankAccounts */ = {
			isa = PBXGroup;
			children = (
				BAC2C32B296F54BA0095345F /* Helpers */,
				BA20CEFC29633A8F00F3C93A /* Networking */,
				BA20CEFB29633A7700F3C93A /* View */,
				BA1F4DED296314CD00D8EB55 /* AppCoordinator.swift */,
				BA1F4DDB2962F45D00D8EB55 /* AppDelegate.swift */,
				BA1F4DDD2962F45D00D8EB55 /* SceneDelegate.swift */,
				BA1F4DE42962F46100D8EB55 /* Assets.xcassets */,
				BA1F4DE62962F46100D8EB55 /* LaunchScreen.storyboard */,
				BA1F4DE92962F46100D8EB55 /* Info.plist */,
			);
			path = BankAccounts;
			sourceTree = "<group>";
		};
		BA1F4DF3296317F400D8EB55 /* AllAccounts */ = {
			isa = PBXGroup;
			children = (
				BA20CF0529639AE400F3C93A /* Cell */,
				BA1F4DDF2962F45D00D8EB55 /* AllAccountsViewController.swift */,
				BA1F4DEF2963153800D8EB55 /* AllAccountsCoordinator.swift */,
				BA1F4DF12963171500D8EB55 /* AllAccountsViewModel.swift */,
			);
			path = AllAccounts;
			sourceTree = "<group>";
		};
		BA20CEFB29633A7700F3C93A /* View */ = {
			isa = PBXGroup;
			children = (
				BA20CF26296C626C00F3C93A /* AddAccount */,
				BA20CF0E296837CB00F3C93A /* AllTransactions */,
				BA1F4DF3296317F400D8EB55 /* AllAccounts */,
			);
			path = View;
			sourceTree = "<group>";
		};
		BA20CEFC29633A8F00F3C93A /* Networking */ = {
			isa = PBXGroup;
			children = (
				BA20CF0029633C0400F3C93A /* Model */,
				BAC2C330296F59A00095345F /* NetworkTransactionManager */,
				BA20CF2D296CB15C00F3C93A /* NetworkBankList */,
				BA20CEFD29633A9F00F3C93A /* NetworkAccountManager */,
			);
			path = Networking;
			sourceTree = "<group>";
		};
		BA20CEFD29633A9F00F3C93A /* NetworkAccountManager */ = {
			isa = PBXGroup;
			children = (
				BA20CEFE29633B4900F3C93A /* NetworkAccountManager.swift */,
				BA20CF0329633FEF00F3C93A /* NetworkError.swift */,
			);
			path = NetworkAccountManager;
			sourceTree = "<group>";
		};
		BA20CF0029633C0400F3C93A /* Model */ = {
			isa = PBXGroup;
			children = (
				BA20CF0129633C0E00F3C93A /* BankAccount.swift */,
				BA20CF1329683EF400F3C93A /* Transaction.swift */,
				BA20CF30296CB23600F3C93A /* Bank.swift */,
			);
			path = Model;
			sourceTree = "<group>";
		};
		BA20CF0529639AE400F3C93A /* Cell */ = {
			isa = PBXGroup;
			children = (
				BA20CF0A2964773800F3C93A /* AllTransactionsCell.swift */,
				BA20CF0629639AF400F3C93A /* BankAccountCell.swift */,
				BA20CF0829646DD700F3C93A /* TotalAmountCell.swift */,
			);
			path = Cell;
			sourceTree = "<group>";
		};
		BA20CF0E296837CB00F3C93A /* AllTransactions */ = {
			isa = PBXGroup;
			children = (
				BAC2C33D297157DC0095345F /* FilterView */,
				BAC2C33A2970C7840095345F /* SearchTextField */,
				BAC2C337297005EC0095345F /* BankAccountView */,
				BA20CF172968662100F3C93A /* Cell */,
				BA20CF0F296838C800F3C93A /* AllTransactionsCoordinator.swift */,
				BA20CF1129683D9A00F3C93A /* AllTransactionsViewModel.swift */,
				BA20CF1529685A2E00F3C93A /* AllTransactionsViewController.swift */,
			);
			path = AllTransactions;
			sourceTree = "<group>";
		};
		BA20CF172968662100F3C93A /* Cell */ = {
			isa = PBXGroup;
			children = (
				BA20CF182968662D00F3C93A /* CardCell.swift */,
				BAC2C329296F33B00095345F /* AllCell.swift */,
				BAC2C32E296F58090095345F /* TransactionCell.swift */,
			);
			path = Cell;
			sourceTree = "<group>";
		};
		BA20CF26296C626C00F3C93A /* AddAccount */ = {
			isa = PBXGroup;
			children = (
				BA20CF3E296DADAC00F3C93A /* TableOptions */,
				BA20CF38296CD5CC00F3C93A /* SetupFlow */,
				BA20CF35296CD4DD00F3C93A /* FormField */,
				BA20CF32296CC38200F3C93A /* Cell */,
				BA20CF27296C628600F3C93A /* AddAccountCoordinator.swift */,
				BA20CF29296C629800F3C93A /* AddAccountViewController.swift */,
				BA20CF2B296C62A400F3C93A /* AddAccountViewModel.swift */,
			);
			path = AddAccount;
			sourceTree = "<group>";
		};
		BA20CF2D296CB15C00F3C93A /* NetworkBankList */ = {
			isa = PBXGroup;
			children = (
				BA20CF2E296CB17700F3C93A /* NetworkBankManager.swift */,
			);
			path = NetworkBankList;
			sourceTree = "<group>";
		};
		BA20CF32296CC38200F3C93A /* Cell */ = {
			isa = PBXGroup;
			children = (
				BA20CF33296CC38B00F3C93A /* BankCell.swift */,
			);
			path = Cell;
			sourceTree = "<group>";
		};
		BA20CF35296CD4DD00F3C93A /* FormField */ = {
			isa = PBXGroup;
			children = (
				BA20CF36296CD51300F3C93A /* FormField.swift */,
				BA20CF3B296D844C00F3C93A /* Storyboard.storyboard */,
			);
			path = FormField;
			sourceTree = "<group>";
		};
		BA20CF38296CD5CC00F3C93A /* SetupFlow */ = {
			isa = PBXGroup;
			children = (
				BA20CF39296CD5E100F3C93A /* SetupView.swift */,
			);
			path = SetupFlow;
			sourceTree = "<group>";
		};
		BA20CF3E296DADAC00F3C93A /* TableOptions */ = {
			isa = PBXGroup;
			children = (
				BA20CF41296DAF9400F3C93A /* Cell */,
				BA20CF3F296DADE700F3C93A /* TableOptions.swift */,
			);
			path = TableOptions;
			sourceTree = "<group>";
		};
		BA20CF41296DAF9400F3C93A /* Cell */ = {
			isa = PBXGroup;
			children = (
				BA20CF42296DAF9E00F3C93A /* OptionCell.swift */,
			);
			path = Cell;
			sourceTree = "<group>";
		};
		BA67D43D2954B585005B57C9 = {
			isa = PBXGroup;
			children = (
				BA67D4482954B585005B57C9 /* Breakig-Point */,
				BA67D4622954B93C005B57C9 /* Breaking-PointWidget */,
				BA1F4DDA2962F45D00D8EB55 /* BankAccounts */,
				BA67D4472954B585005B57C9 /* Products */,
				40AB518F1E7FCB9592AF8F4D /* Pods */,
				9A316B97612101883C9753EA /* Frameworks */,
			);
			sourceTree = "<group>";
		};
		BA67D4472954B585005B57C9 /* Products */ = {
			isa = PBXGroup;
			children = (
				BA67D4462954B585005B57C9 /* SmartAccount.app */,
				BA67D4612954B93C005B57C9 /* SmartAccount-Dashboard.app */,
				BA1F4DD92962F45D00D8EB55 /* BankAccounts.app */,
			);
			name = Products;
			sourceTree = "<group>";
		};
		BA67D4482954B585005B57C9 /* Breakig-Point */ = {
			isa = PBXGroup;
			children = (
				BA67D4492954B585005B57C9 /* AppDelegate.swift */,
				BA67D44B2954B585005B57C9 /* SceneDelegate.swift */,
				BA67D44D2954B585005B57C9 /* ViewController.swift */,
				BA67D44F2954B585005B57C9 /* Main.storyboard */,
				BA67D4522954B587005B57C9 /* Assets.xcassets */,
				BA67D4542954B587005B57C9 /* LaunchScreen.storyboard */,
				BA67D4572954B587005B57C9 /* Info.plist */,
			);
			path = "Breakig-Point";
			sourceTree = "<group>";
		};
		BA67D4622954B93C005B57C9 /* Breaking-PointWidget */ = {
			isa = PBXGroup;
			children = (
				BA67D47729550521005B57C9 /* View */,
				BA67D4632954B93C005B57C9 /* AppDelegate.swift */,
				BA67D4652954B93C005B57C9 /* SceneDelegate.swift */,
				BA67D4692954B93C005B57C9 /* Main.storyboard */,
				BA67D46C2954B93E005B57C9 /* Assets.xcassets */,
				BA67D46E2954B93E005B57C9 /* LaunchScreen.storyboard */,
				BA67D4712954B93E005B57C9 /* Info.plist */,
			);
			path = "Breaking-PointWidget";
			sourceTree = "<group>";
		};
		BA67D47729550521005B57C9 /* View */ = {
			isa = PBXGroup;
			children = (
				BA67D47A295E4B14005B57C9 /* UIElements */,
				BA67D4672954B93C005B57C9 /* WidgetMainController.swift */,
				BA67D4752955051C005B57C9 /* MainCoordinator.swift */,
				BA67D4782955062E005B57C9 /* MainWidgetViewModel.swift */,
			);
			path = View;
			sourceTree = "<group>";
		};
		BA67D47A295E4B14005B57C9 /* UIElements */ = {
			isa = PBXGroup;
			children = (
				BA67D47B295E4B2B005B57C9 /* RedButton.swift */,
				BA67D47D295EDF3D005B57C9 /* RoundNumberView.swift */,
			);
			path = UIElements;
			sourceTree = "<group>";
		};
		BAC2C32B296F54BA0095345F /* Helpers */ = {
			isa = PBXGroup;
			children = (
				BAC2C32C296F54CF0095345F /* UITextField+Ext.swift */,
				BAC2C333296F684A0095345F /* Array+Ext.swift */,
				BAC2C335296F715B0095345F /* String+Ext.swift */,
			);
			path = Helpers;
			sourceTree = "<group>";
		};
		BAC2C330296F59A00095345F /* NetworkTransactionManager */ = {
			isa = PBXGroup;
			children = (
				BAC2C331296F59B80095345F /* NetworkTransactionManager.swift */,
			);
			path = NetworkTransactionManager;
			sourceTree = "<group>";
		};
		BAC2C337297005EC0095345F /* BankAccountView */ = {
			isa = PBXGroup;
			children = (
				BAC2C338297006100095345F /* BankAccountView.swift */,
			);
			path = BankAccountView;
			sourceTree = "<group>";
		};
		BAC2C33A2970C7840095345F /* SearchTextField */ = {
			isa = PBXGroup;
			children = (
				BAC2C33B2970C79B0095345F /* SearchTextField.swift */,
			);
			path = SearchTextField;
			sourceTree = "<group>";
		};
		BAC2C33D297157DC0095345F /* FilterView */ = {
			isa = PBXGroup;
			children = (
				BAC2C33E297157F40095345F /* FilterView.swift */,
				BAC2C340297158040095345F /* FilterView.xib */,
			);
			path = FilterView;
			sourceTree = "<group>";
		};
/* End PBXGroup section */

/* Begin PBXNativeTarget section */
		BA1F4DD82962F45D00D8EB55 /* BankAccounts */ = {
			isa = PBXNativeTarget;
			buildConfigurationList = BA1F4DEC2962F46100D8EB55 /* Build configuration list for PBXNativeTarget "BankAccounts" */;
			buildPhases = (
				04925BDF6B81132B0C5AFF9E /* [CP] Check Pods Manifest.lock */,
				BA1F4DD52962F45D00D8EB55 /* Sources */,
				BA1F4DD62962F45D00D8EB55 /* Frameworks */,
				BA1F4DD72962F45D00D8EB55 /* Resources */,
				D782549E0C53FA657647F6A4 /* [CP] Embed Pods Frameworks */,
			);
			buildRules = (
			);
			dependencies = (
			);
			name = BankAccounts;
			productName = BankAccounts;
			productReference = BA1F4DD92962F45D00D8EB55 /* BankAccounts.app */;
			productType = "com.apple.product-type.application";
		};
		BA67D4452954B585005B57C9 /* SmartAccount */ = {
			isa = PBXNativeTarget;
			buildConfigurationList = BA67D45A2954B587005B57C9 /* Build configuration list for PBXNativeTarget "SmartAccount" */;
			buildPhases = (
				EE98972403F51E98718FFF60 /* [CP] Check Pods Manifest.lock */,
				BA67D4422954B585005B57C9 /* Sources */,
				BA67D4432954B585005B57C9 /* Frameworks */,
				BA67D4442954B585005B57C9 /* Resources */,
			);
			buildRules = (
			);
			dependencies = (
			);
			name = SmartAccount;
			productName = "Breakig-Point";
			productReference = BA67D4462954B585005B57C9 /* SmartAccount.app */;
			productType = "com.apple.product-type.application";
		};
		BA67D4602954B93C005B57C9 /* SmartAccount-Dashboard */ = {
			isa = PBXNativeTarget;
			buildConfigurationList = BA67D4722954B93E005B57C9 /* Build configuration list for PBXNativeTarget "SmartAccount-Dashboard" */;
			buildPhases = (
				44B3A427168F14C1BD992C82 /* [CP] Check Pods Manifest.lock */,
				BA67D45D2954B93C005B57C9 /* Sources */,
				BA67D45E2954B93C005B57C9 /* Frameworks */,
				BA67D45F2954B93C005B57C9 /* Resources */,
			);
			buildRules = (
			);
			dependencies = (
			);
			name = "SmartAccount-Dashboard";
			productName = "Breaking-PointWidget";
			productReference = BA67D4612954B93C005B57C9 /* SmartAccount-Dashboard.app */;
			productType = "com.apple.product-type.application";
		};
/* End PBXNativeTarget section */

/* Begin PBXProject section */
		BA67D43E2954B585005B57C9 /* Project object */ = {
			isa = PBXProject;
			attributes = {
				BuildIndependentTargetsInParallel = 1;
				LastSwiftUpdateCheck = 1410;
				LastUpgradeCheck = 1410;
				TargetAttributes = {
					BA1F4DD82962F45D00D8EB55 = {
						CreatedOnToolsVersion = 14.1;
					};
					BA67D4452954B585005B57C9 = {
						CreatedOnToolsVersion = 14.1;
					};
					BA67D4602954B93C005B57C9 = {
						CreatedOnToolsVersion = 14.1;
					};
				};
			};
			buildConfigurationList = BA67D4412954B585005B57C9 /* Build configuration list for PBXProject "SmartAccounts" */;
			compatibilityVersion = "Xcode 14.0";
			developmentRegion = en;
			hasScannedForEncodings = 0;
			knownRegions = (
				en,
				Base,
			);
			mainGroup = BA67D43D2954B585005B57C9;
			productRefGroup = BA67D4472954B585005B57C9 /* Products */;
			projectDirPath = "";
			projectRoot = "";
			targets = (
				BA67D4452954B585005B57C9 /* SmartAccount */,
				BA67D4602954B93C005B57C9 /* SmartAccount-Dashboard */,
				BA1F4DD82962F45D00D8EB55 /* BankAccounts */,
			);
		};
/* End PBXProject section */

/* Begin PBXResourcesBuildPhase section */
		BA1F4DD72962F45D00D8EB55 /* Resources */ = {
			isa = PBXResourcesBuildPhase;
			buildActionMask = 2147483647;
			files = (
				BAC2C341297158040095345F /* FilterView.xib in Resources */,
				BA1F4DE82962F46100D8EB55 /* LaunchScreen.storyboard in Resources */,
				BA1F4DE52962F46100D8EB55 /* Assets.xcassets in Resources */,
				BA20CF3C296D844C00F3C93A /* Storyboard.storyboard in Resources */,
			);
			runOnlyForDeploymentPostprocessing = 0;
		};
		BA67D4442954B585005B57C9 /* Resources */ = {
			isa = PBXResourcesBuildPhase;
			buildActionMask = 2147483647;
			files = (
				BA67D4562954B587005B57C9 /* LaunchScreen.storyboard in Resources */,
				BA67D4532954B587005B57C9 /* Assets.xcassets in Resources */,
				BA67D4512954B585005B57C9 /* Main.storyboard in Resources */,
			);
			runOnlyForDeploymentPostprocessing = 0;
		};
		BA67D45F2954B93C005B57C9 /* Resources */ = {
			isa = PBXResourcesBuildPhase;
			buildActionMask = 2147483647;
			files = (
				BA67D4702954B93E005B57C9 /* LaunchScreen.storyboard in Resources */,
				BA67D46D2954B93E005B57C9 /* Assets.xcassets in Resources */,
				BA67D46B2954B93C005B57C9 /* Main.storyboard in Resources */,
			);
			runOnlyForDeploymentPostprocessing = 0;
		};
/* End PBXResourcesBuildPhase section */

/* Begin PBXShellScriptBuildPhase section */
		04925BDF6B81132B0C5AFF9E /* [CP] Check Pods Manifest.lock */ = {
			isa = PBXShellScriptBuildPhase;
			buildActionMask = 2147483647;
			files = (
			);
			inputFileListPaths = (
			);
			inputPaths = (
				"${PODS_PODFILE_DIR_PATH}/Podfile.lock",
				"${PODS_ROOT}/Manifest.lock",
			);
			name = "[CP] Check Pods Manifest.lock";
			outputFileListPaths = (
			);
			outputPaths = (
				"$(DERIVED_FILE_DIR)/Pods-BankAccounts-checkManifestLockResult.txt",
			);
			runOnlyForDeploymentPostprocessing = 0;
			shellPath = /bin/sh;
			shellScript = "diff \"${PODS_PODFILE_DIR_PATH}/Podfile.lock\" \"${PODS_ROOT}/Manifest.lock\" > /dev/null\nif [ $? != 0 ] ; then\n    # print error to STDERR\n    echo \"error: The sandbox is not in sync with the Podfile.lock. Run 'pod install' or update your CocoaPods installation.\" >&2\n    exit 1\nfi\n# This output is used by Xcode 'outputs' to avoid re-running this script phase.\necho \"SUCCESS\" > \"${SCRIPT_OUTPUT_FILE_0}\"\n";
			showEnvVarsInLog = 0;
		};
		44B3A427168F14C1BD992C82 /* [CP] Check Pods Manifest.lock */ = {
			isa = PBXShellScriptBuildPhase;
			buildActionMask = 2147483647;
			files = (
			);
			inputFileListPaths = (
			);
			inputPaths = (
				"${PODS_PODFILE_DIR_PATH}/Podfile.lock",
				"${PODS_ROOT}/Manifest.lock",
			);
			name = "[CP] Check Pods Manifest.lock";
			outputFileListPaths = (
			);
			outputPaths = (
				"$(DERIVED_FILE_DIR)/Pods-SmartAccount-Dashboard-checkManifestLockResult.txt",
			);
			runOnlyForDeploymentPostprocessing = 0;
			shellPath = /bin/sh;
			shellScript = "diff \"${PODS_PODFILE_DIR_PATH}/Podfile.lock\" \"${PODS_ROOT}/Manifest.lock\" > /dev/null\nif [ $? != 0 ] ; then\n    # print error to STDERR\n    echo \"error: The sandbox is not in sync with the Podfile.lock. Run 'pod install' or update your CocoaPods installation.\" >&2\n    exit 1\nfi\n# This output is used by Xcode 'outputs' to avoid re-running this script phase.\necho \"SUCCESS\" > \"${SCRIPT_OUTPUT_FILE_0}\"\n";
			showEnvVarsInLog = 0;
		};
		D782549E0C53FA657647F6A4 /* [CP] Embed Pods Frameworks */ = {
			isa = PBXShellScriptBuildPhase;
			buildActionMask = 2147483647;
			files = (
			);
			inputFileListPaths = (
				"${PODS_ROOT}/Target Support Files/Pods-BankAccounts/Pods-BankAccounts-frameworks-${CONFIGURATION}-input-files.xcfilelist",
			);
			name = "[CP] Embed Pods Frameworks";
			outputFileListPaths = (
				"${PODS_ROOT}/Target Support Files/Pods-BankAccounts/Pods-BankAccounts-frameworks-${CONFIGURATION}-output-files.xcfilelist",
			);
			runOnlyForDeploymentPostprocessing = 0;
			shellPath = /bin/sh;
			shellScript = "\"${PODS_ROOT}/Target Support Files/Pods-BankAccounts/Pods-BankAccounts-frameworks.sh\"\n";
			showEnvVarsInLog = 0;
		};
		EE98972403F51E98718FFF60 /* [CP] Check Pods Manifest.lock */ = {
			isa = PBXShellScriptBuildPhase;
			buildActionMask = 2147483647;
			files = (
			);
			inputFileListPaths = (
			);
			inputPaths = (
				"${PODS_PODFILE_DIR_PATH}/Podfile.lock",
				"${PODS_ROOT}/Manifest.lock",
			);
			name = "[CP] Check Pods Manifest.lock";
			outputFileListPaths = (
			);
			outputPaths = (
				"$(DERIVED_FILE_DIR)/Pods-SmartAccount-checkManifestLockResult.txt",
			);
			runOnlyForDeploymentPostprocessing = 0;
			shellPath = /bin/sh;
			shellScript = "diff \"${PODS_PODFILE_DIR_PATH}/Podfile.lock\" \"${PODS_ROOT}/Manifest.lock\" > /dev/null\nif [ $? != 0 ] ; then\n    # print error to STDERR\n    echo \"error: The sandbox is not in sync with the Podfile.lock. Run 'pod install' or update your CocoaPods installation.\" >&2\n    exit 1\nfi\n# This output is used by Xcode 'outputs' to avoid re-running this script phase.\necho \"SUCCESS\" > \"${SCRIPT_OUTPUT_FILE_0}\"\n";
			showEnvVarsInLog = 0;
		};
/* End PBXShellScriptBuildPhase section */

/* Begin PBXSourcesBuildPhase section */
		BA1F4DD52962F45D00D8EB55 /* Sources */ = {
			isa = PBXSourcesBuildPhase;
			buildActionMask = 2147483647;
			files = (
				BA20CF28296C628600F3C93A /* AddAccountCoordinator.swift in Sources */,
				BA1F4DEE296314CD00D8EB55 /* AppCoordinator.swift in Sources */,
				BA20CEFF29633B4900F3C93A /* NetworkAccountManager.swift in Sources */,
				BA20CF0929646DD700F3C93A /* TotalAmountCell.swift in Sources */,
				BAC2C33F297157F40095345F /* FilterView.swift in Sources */,
				BA1F4DF02963153800D8EB55 /* AllAccountsCoordinator.swift in Sources */,
				BAC2C334296F684A0095345F /* Array+Ext.swift in Sources */,
				BA1F4DF22963171500D8EB55 /* AllAccountsViewModel.swift in Sources */,
				BAC2C32D296F54CF0095345F /* UITextField+Ext.swift in Sources */,
				BA1F4DE02962F45D00D8EB55 /* AllAccountsViewController.swift in Sources */,
				BA20CF31296CB23600F3C93A /* Bank.swift in Sources */,
				BA20CF3A296CD5E100F3C93A /* SetupView.swift in Sources */,
				BA20CF34296CC38B00F3C93A /* BankCell.swift in Sources */,
				BA20CF192968662D00F3C93A /* CardCell.swift in Sources */,
				BAC2C332296F59B80095345F /* NetworkTransactionManager.swift in Sources */,
				BA20CF0B2964773800F3C93A /* AllTransactionsCell.swift in Sources */,
				BA20CF2F296CB17700F3C93A /* NetworkBankManager.swift in Sources */,
				BA20CF1629685A2E00F3C93A /* AllTransactionsViewController.swift in Sources */,
				BA20CF2C296C62A400F3C93A /* AddAccountViewModel.swift in Sources */,
				BA20CF1229683D9A00F3C93A /* AllTransactionsViewModel.swift in Sources */,
				BA20CF0229633C0E00F3C93A /* BankAccount.swift in Sources */,
				BA20CF43296DAF9E00F3C93A /* OptionCell.swift in Sources */,
				BAC2C336296F715B0095345F /* String+Ext.swift in Sources */,
				BA20CF0429633FEF00F3C93A /* NetworkError.swift in Sources */,
				BAC2C32F296F58090095345F /* TransactionCell.swift in Sources */,
				BA1F4DDC2962F45D00D8EB55 /* AppDelegate.swift in Sources */,
				BAC2C33C2970C79C0095345F /* SearchTextField.swift in Sources */,
				BA20CF37296CD51300F3C93A /* FormField.swift in Sources */,
				BAC2C32A296F33B00095345F /* AllCell.swift in Sources */,
				BA1F4DDE2962F45D00D8EB55 /* SceneDelegate.swift in Sources */,
				BA20CF0729639AF400F3C93A /* BankAccountCell.swift in Sources */,
				BA20CF10296838C800F3C93A /* AllTransactionsCoordinator.swift in Sources */,
				BAC2C339297006100095345F /* BankAccountView.swift in Sources */,
				BA20CF40296DADE700F3C93A /* TableOptions.swift in Sources */,
				BA20CF2A296C629800F3C93A /* AddAccountViewController.swift in Sources */,
				BA20CF1429683EF400F3C93A /* Transaction.swift in Sources */,
			);
			runOnlyForDeploymentPostprocessing = 0;
		};
		BA67D4422954B585005B57C9 /* Sources */ = {
			isa = PBXSourcesBuildPhase;
			buildActionMask = 2147483647;
			files = (
				BA67D44E2954B585005B57C9 /* ViewController.swift in Sources */,
				BA67D44A2954B585005B57C9 /* AppDelegate.swift in Sources */,
				BA67D44C2954B585005B57C9 /* SceneDelegate.swift in Sources */,
			);
			runOnlyForDeploymentPostprocessing = 0;
		};
		BA67D45D2954B93C005B57C9 /* Sources */ = {
			isa = PBXSourcesBuildPhase;
			buildActionMask = 2147483647;
			files = (
				BA67D4682954B93C005B57C9 /* WidgetMainController.swift in Sources */,
				BA67D4792955062E005B57C9 /* MainWidgetViewModel.swift in Sources */,
				BA67D4762955051C005B57C9 /* MainCoordinator.swift in Sources */,
				BA67D4642954B93C005B57C9 /* AppDelegate.swift in Sources */,
				BA67D47E295EDF3D005B57C9 /* RoundNumberView.swift in Sources */,
				BA67D4662954B93C005B57C9 /* SceneDelegate.swift in Sources */,
				BA67D47C295E4B2B005B57C9 /* RedButton.swift in Sources */,
			);
			runOnlyForDeploymentPostprocessing = 0;
		};
/* End PBXSourcesBuildPhase section */

/* Begin PBXVariantGroup section */
		BA1F4DE62962F46100D8EB55 /* LaunchScreen.storyboard */ = {
			isa = PBXVariantGroup;
			children = (
				BA1F4DE72962F46100D8EB55 /* Base */,
			);
			name = LaunchScreen.storyboard;
			sourceTree = "<group>";
		};
		BA67D44F2954B585005B57C9 /* Main.storyboard */ = {
			isa = PBXVariantGroup;
			children = (
				BA67D4502954B585005B57C9 /* Base */,
			);
			name = Main.storyboard;
			sourceTree = "<group>";
		};
		BA67D4542954B587005B57C9 /* LaunchScreen.storyboard */ = {
			isa = PBXVariantGroup;
			children = (
				BA67D4552954B587005B57C9 /* Base */,
			);
			name = LaunchScreen.storyboard;
			sourceTree = "<group>";
		};
		BA67D4692954B93C005B57C9 /* Main.storyboard */ = {
			isa = PBXVariantGroup;
			children = (
				BA67D46A2954B93C005B57C9 /* Base */,
			);
			name = Main.storyboard;
			sourceTree = "<group>";
		};
		BA67D46E2954B93E005B57C9 /* LaunchScreen.storyboard */ = {
			isa = PBXVariantGroup;
			children = (
				BA67D46F2954B93E005B57C9 /* Base */,
			);
			name = LaunchScreen.storyboard;
			sourceTree = "<group>";
		};
/* End PBXVariantGroup section */

/* Begin XCBuildConfiguration section */
		BA1F4DEA2962F46100D8EB55 /* Debug */ = {
			isa = XCBuildConfiguration;
			baseConfigurationReference = 91A8B46BA038B9F1D051B1B6 /* Pods-BankAccounts.debug.xcconfig */;
			buildSettings = {
				ASSETCATALOG_COMPILER_APPICON_NAME = AppIcon;
				ASSETCATALOG_COMPILER_GLOBAL_ACCENT_COLOR_NAME = AccentColor;
				CODE_SIGN_STYLE = Automatic;
				CURRENT_PROJECT_VERSION = 1;
				DEVELOPMENT_TEAM = 97AVL57GTN;
				GENERATE_INFOPLIST_FILE = YES;
				INFOPLIST_FILE = BankAccounts/Info.plist;
				INFOPLIST_KEY_UIApplicationSupportsIndirectInputEvents = YES;
				INFOPLIST_KEY_UILaunchStoryboardName = LaunchScreen;
				INFOPLIST_KEY_UIMainStoryboardFile = "";
				INFOPLIST_KEY_UISupportedInterfaceOrientations_iPad = "UIInterfaceOrientationPortrait UIInterfaceOrientationPortraitUpsideDown UIInterfaceOrientationLandscapeLeft UIInterfaceOrientationLandscapeRight";
				INFOPLIST_KEY_UISupportedInterfaceOrientations_iPhone = "UIInterfaceOrientationPortrait UIInterfaceOrientationLandscapeLeft UIInterfaceOrientationLandscapeRight";
				LD_RUNPATH_SEARCH_PATHS = (
					"$(inherited)",
					"@executable_path/Frameworks",
				);
				MARKETING_VERSION = 1.0;
				PRODUCT_BUNDLE_IDENTIFIER = com.bank.app.BankAccounts;
				PRODUCT_NAME = "$(TARGET_NAME)";
				SWIFT_EMIT_LOC_STRINGS = YES;
				SWIFT_VERSION = 5.0;
				TARGETED_DEVICE_FAMILY = "1,2";
			};
			name = Debug;
		};
		BA1F4DEB2962F46100D8EB55 /* Release */ = {
			isa = XCBuildConfiguration;
			baseConfigurationReference = 67C04F48F69503B706FE8165 /* Pods-BankAccounts.release.xcconfig */;
			buildSettings = {
				ASSETCATALOG_COMPILER_APPICON_NAME = AppIcon;
				ASSETCATALOG_COMPILER_GLOBAL_ACCENT_COLOR_NAME = AccentColor;
				CODE_SIGN_STYLE = Automatic;
				CURRENT_PROJECT_VERSION = 1;
				DEVELOPMENT_TEAM = 97AVL57GTN;
				GENERATE_INFOPLIST_FILE = YES;
				INFOPLIST_FILE = BankAccounts/Info.plist;
				INFOPLIST_KEY_UIApplicationSupportsIndirectInputEvents = YES;
				INFOPLIST_KEY_UILaunchStoryboardName = LaunchScreen;
				INFOPLIST_KEY_UIMainStoryboardFile = "";
				INFOPLIST_KEY_UISupportedInterfaceOrientations_iPad = "UIInterfaceOrientationPortrait UIInterfaceOrientationPortraitUpsideDown UIInterfaceOrientationLandscapeLeft UIInterfaceOrientationLandscapeRight";
				INFOPLIST_KEY_UISupportedInterfaceOrientations_iPhone = "UIInterfaceOrientationPortrait UIInterfaceOrientationLandscapeLeft UIInterfaceOrientationLandscapeRight";
				LD_RUNPATH_SEARCH_PATHS = (
					"$(inherited)",
					"@executable_path/Frameworks",
				);
				MARKETING_VERSION = 1.0;
				PRODUCT_BUNDLE_IDENTIFIER = com.bank.app.BankAccounts;
				PRODUCT_NAME = "$(TARGET_NAME)";
				SWIFT_EMIT_LOC_STRINGS = YES;
				SWIFT_VERSION = 5.0;
				TARGETED_DEVICE_FAMILY = "1,2";
			};
			name = Release;
		};
		BA67D4582954B587005B57C9 /* Debug */ = {
			isa = XCBuildConfiguration;
			buildSettings = {
				ALWAYS_SEARCH_USER_PATHS = NO;
				CLANG_ANALYZER_NONNULL = YES;
				CLANG_ANALYZER_NUMBER_OBJECT_CONVERSION = YES_AGGRESSIVE;
				CLANG_CXX_LANGUAGE_STANDARD = "gnu++20";
				CLANG_ENABLE_MODULES = YES;
				CLANG_ENABLE_OBJC_ARC = YES;
				CLANG_ENABLE_OBJC_WEAK = YES;
				CLANG_WARN_BLOCK_CAPTURE_AUTORELEASING = YES;
				CLANG_WARN_BOOL_CONVERSION = YES;
				CLANG_WARN_COMMA = YES;
				CLANG_WARN_CONSTANT_CONVERSION = YES;
				CLANG_WARN_DEPRECATED_OBJC_IMPLEMENTATIONS = YES;
				CLANG_WARN_DIRECT_OBJC_ISA_USAGE = YES_ERROR;
				CLANG_WARN_DOCUMENTATION_COMMENTS = YES;
				CLANG_WARN_EMPTY_BODY = YES;
				CLANG_WARN_ENUM_CONVERSION = YES;
				CLANG_WARN_INFINITE_RECURSION = YES;
				CLANG_WARN_INT_CONVERSION = YES;
				CLANG_WARN_NON_LITERAL_NULL_CONVERSION = YES;
				CLANG_WARN_OBJC_IMPLICIT_RETAIN_SELF = YES;
				CLANG_WARN_OBJC_LITERAL_CONVERSION = YES;
				CLANG_WARN_OBJC_ROOT_CLASS = YES_ERROR;
				CLANG_WARN_QUOTED_INCLUDE_IN_FRAMEWORK_HEADER = YES;
				CLANG_WARN_RANGE_LOOP_ANALYSIS = YES;
				CLANG_WARN_STRICT_PROTOTYPES = YES;
				CLANG_WARN_SUSPICIOUS_MOVE = YES;
				CLANG_WARN_UNGUARDED_AVAILABILITY = YES_AGGRESSIVE;
				CLANG_WARN_UNREACHABLE_CODE = YES;
				CLANG_WARN__DUPLICATE_METHOD_MATCH = YES;
				COPY_PHASE_STRIP = NO;
				DEBUG_INFORMATION_FORMAT = dwarf;
				ENABLE_STRICT_OBJC_MSGSEND = YES;
				ENABLE_TESTABILITY = YES;
				GCC_C_LANGUAGE_STANDARD = gnu11;
				GCC_DYNAMIC_NO_PIC = NO;
				GCC_NO_COMMON_BLOCKS = YES;
				GCC_OPTIMIZATION_LEVEL = 0;
				GCC_PREPROCESSOR_DEFINITIONS = (
					"DEBUG=1",
					"$(inherited)",
				);
				GCC_WARN_64_TO_32_BIT_CONVERSION = YES;
				GCC_WARN_ABOUT_RETURN_TYPE = YES_ERROR;
				GCC_WARN_UNDECLARED_SELECTOR = YES;
				GCC_WARN_UNINITIALIZED_AUTOS = YES_AGGRESSIVE;
				GCC_WARN_UNUSED_FUNCTION = YES;
				GCC_WARN_UNUSED_VARIABLE = YES;
				IPHONEOS_DEPLOYMENT_TARGET = 16.1;
				MTL_ENABLE_DEBUG_INFO = INCLUDE_SOURCE;
				MTL_FAST_MATH = YES;
				ONLY_ACTIVE_ARCH = YES;
				SDKROOT = iphoneos;
				SWIFT_ACTIVE_COMPILATION_CONDITIONS = DEBUG;
				SWIFT_OPTIMIZATION_LEVEL = "-Onone";
			};
			name = Debug;
		};
		BA67D4592954B587005B57C9 /* Release */ = {
			isa = XCBuildConfiguration;
			buildSettings = {
				ALWAYS_SEARCH_USER_PATHS = NO;
				CLANG_ANALYZER_NONNULL = YES;
				CLANG_ANALYZER_NUMBER_OBJECT_CONVERSION = YES_AGGRESSIVE;
				CLANG_CXX_LANGUAGE_STANDARD = "gnu++20";
				CLANG_ENABLE_MODULES = YES;
				CLANG_ENABLE_OBJC_ARC = YES;
				CLANG_ENABLE_OBJC_WEAK = YES;
				CLANG_WARN_BLOCK_CAPTURE_AUTORELEASING = YES;
				CLANG_WARN_BOOL_CONVERSION = YES;
				CLANG_WARN_COMMA = YES;
				CLANG_WARN_CONSTANT_CONVERSION = YES;
				CLANG_WARN_DEPRECATED_OBJC_IMPLEMENTATIONS = YES;
				CLANG_WARN_DIRECT_OBJC_ISA_USAGE = YES_ERROR;
				CLANG_WARN_DOCUMENTATION_COMMENTS = YES;
				CLANG_WARN_EMPTY_BODY = YES;
				CLANG_WARN_ENUM_CONVERSION = YES;
				CLANG_WARN_INFINITE_RECURSION = YES;
				CLANG_WARN_INT_CONVERSION = YES;
				CLANG_WARN_NON_LITERAL_NULL_CONVERSION = YES;
				CLANG_WARN_OBJC_IMPLICIT_RETAIN_SELF = YES;
				CLANG_WARN_OBJC_LITERAL_CONVERSION = YES;
				CLANG_WARN_OBJC_ROOT_CLASS = YES_ERROR;
				CLANG_WARN_QUOTED_INCLUDE_IN_FRAMEWORK_HEADER = YES;
				CLANG_WARN_RANGE_LOOP_ANALYSIS = YES;
				CLANG_WARN_STRICT_PROTOTYPES = YES;
				CLANG_WARN_SUSPICIOUS_MOVE = YES;
				CLANG_WARN_UNGUARDED_AVAILABILITY = YES_AGGRESSIVE;
				CLANG_WARN_UNREACHABLE_CODE = YES;
				CLANG_WARN__DUPLICATE_METHOD_MATCH = YES;
				COPY_PHASE_STRIP = NO;
				DEBUG_INFORMATION_FORMAT = "dwarf-with-dsym";
				ENABLE_NS_ASSERTIONS = NO;
				ENABLE_STRICT_OBJC_MSGSEND = YES;
				GCC_C_LANGUAGE_STANDARD = gnu11;
				GCC_NO_COMMON_BLOCKS = YES;
				GCC_WARN_64_TO_32_BIT_CONVERSION = YES;
				GCC_WARN_ABOUT_RETURN_TYPE = YES_ERROR;
				GCC_WARN_UNDECLARED_SELECTOR = YES;
				GCC_WARN_UNINITIALIZED_AUTOS = YES_AGGRESSIVE;
				GCC_WARN_UNUSED_FUNCTION = YES;
				GCC_WARN_UNUSED_VARIABLE = YES;
				IPHONEOS_DEPLOYMENT_TARGET = 16.1;
				MTL_ENABLE_DEBUG_INFO = NO;
				MTL_FAST_MATH = YES;
				SDKROOT = iphoneos;
				SWIFT_COMPILATION_MODE = wholemodule;
				SWIFT_OPTIMIZATION_LEVEL = "-O";
				VALIDATE_PRODUCT = YES;
			};
			name = Release;
		};
		BA67D45B2954B587005B57C9 /* Debug */ = {
			isa = XCBuildConfiguration;
			baseConfigurationReference = 80614BB22E665BECE253EE02 /* Pods-SmartAccount.debug.xcconfig */;
			buildSettings = {
				ASSETCATALOG_COMPILER_APPICON_NAME = AppIcon;
				ASSETCATALOG_COMPILER_GLOBAL_ACCENT_COLOR_NAME = AccentColor;
				CODE_SIGN_STYLE = Automatic;
				CURRENT_PROJECT_VERSION = 1;
				DEVELOPMENT_TEAM = 97AVL57GTN;
				GENERATE_INFOPLIST_FILE = YES;
				INFOPLIST_FILE = "Breakig-Point/Info.plist";
				INFOPLIST_KEY_UIApplicationSupportsIndirectInputEvents = YES;
				INFOPLIST_KEY_UILaunchStoryboardName = LaunchScreen;
				INFOPLIST_KEY_UIMainStoryboardFile = Main;
				INFOPLIST_KEY_UISupportedInterfaceOrientations_iPad = "UIInterfaceOrientationPortrait UIInterfaceOrientationPortraitUpsideDown UIInterfaceOrientationLandscapeLeft UIInterfaceOrientationLandscapeRight";
				INFOPLIST_KEY_UISupportedInterfaceOrientations_iPhone = "UIInterfaceOrientationPortrait UIInterfaceOrientationLandscapeLeft UIInterfaceOrientationLandscapeRight";
				LD_RUNPATH_SEARCH_PATHS = (
					"$(inherited)",
					"@executable_path/Frameworks",
				);
				MARKETING_VERSION = 1.0;
				PRODUCT_BUNDLE_IDENTIFIER = "com.bank.app.Breakig-Point";
				PRODUCT_NAME = "$(TARGET_NAME)";
				SWIFT_EMIT_LOC_STRINGS = YES;
				SWIFT_VERSION = 5.0;
				TARGETED_DEVICE_FAMILY = "1,2";
			};
			name = Debug;
		};
		BA67D45C2954B587005B57C9 /* Release */ = {
			isa = XCBuildConfiguration;
			baseConfigurationReference = F7DFF465E8201666CFD4091F /* Pods-SmartAccount.release.xcconfig */;
			buildSettings = {
				ASSETCATALOG_COMPILER_APPICON_NAME = AppIcon;
				ASSETCATALOG_COMPILER_GLOBAL_ACCENT_COLOR_NAME = AccentColor;
				CODE_SIGN_STYLE = Automatic;
				CURRENT_PROJECT_VERSION = 1;
				DEVELOPMENT_TEAM = 97AVL57GTN;
				GENERATE_INFOPLIST_FILE = YES;
				INFOPLIST_FILE = "Breakig-Point/Info.plist";
				INFOPLIST_KEY_UIApplicationSupportsIndirectInputEvents = YES;
				INFOPLIST_KEY_UILaunchStoryboardName = LaunchScreen;
				INFOPLIST_KEY_UIMainStoryboardFile = Main;
				INFOPLIST_KEY_UISupportedInterfaceOrientations_iPad = "UIInterfaceOrientationPortrait UIInterfaceOrientationPortraitUpsideDown UIInterfaceOrientationLandscapeLeft UIInterfaceOrientationLandscapeRight";
				INFOPLIST_KEY_UISupportedInterfaceOrientations_iPhone = "UIInterfaceOrientationPortrait UIInterfaceOrientationLandscapeLeft UIInterfaceOrientationLandscapeRight";
				LD_RUNPATH_SEARCH_PATHS = (
					"$(inherited)",
					"@executable_path/Frameworks",
				);
				MARKETING_VERSION = 1.0;
				PRODUCT_BUNDLE_IDENTIFIER = "com.bank.app.Breakig-Point";
				PRODUCT_NAME = "$(TARGET_NAME)";
				SWIFT_EMIT_LOC_STRINGS = YES;
				SWIFT_VERSION = 5.0;
				TARGETED_DEVICE_FAMILY = "1,2";
			};
			name = Release;
		};
		BA67D4732954B93E005B57C9 /* Debug */ = {
			isa = XCBuildConfiguration;
			baseConfigurationReference = 60EC28D61E9EF4138F249FAB /* Pods-SmartAccount-Dashboard.debug.xcconfig */;
			buildSettings = {
				ASSETCATALOG_COMPILER_APPICON_NAME = AppIcon;
				ASSETCATALOG_COMPILER_GLOBAL_ACCENT_COLOR_NAME = AccentColor;
				CODE_SIGN_STYLE = Automatic;
				CURRENT_PROJECT_VERSION = 1;
				DEVELOPMENT_TEAM = 97AVL57GTN;
				GENERATE_INFOPLIST_FILE = YES;
				INFOPLIST_FILE = "Breaking-PointWidget/Info.plist";
				INFOPLIST_KEY_UIApplicationSupportsIndirectInputEvents = YES;
				INFOPLIST_KEY_UILaunchStoryboardName = LaunchScreen;
				INFOPLIST_KEY_UIMainStoryboardFile = Main;
				INFOPLIST_KEY_UISupportedInterfaceOrientations_iPad = "UIInterfaceOrientationPortrait UIInterfaceOrientationPortraitUpsideDown UIInterfaceOrientationLandscapeLeft UIInterfaceOrientationLandscapeRight";
				INFOPLIST_KEY_UISupportedInterfaceOrientations_iPhone = "UIInterfaceOrientationPortrait UIInterfaceOrientationLandscapeLeft UIInterfaceOrientationLandscapeRight";
				LD_RUNPATH_SEARCH_PATHS = (
					"$(inherited)",
					"@executable_path/Frameworks",
				);
				MARKETING_VERSION = 1.0;
				PRODUCT_BUNDLE_IDENTIFIER = "com.bank.app.Breaking-PointWidget";
				PRODUCT_NAME = "$(TARGET_NAME)";
				SWIFT_EMIT_LOC_STRINGS = YES;
				SWIFT_VERSION = 5.0;
				TARGETED_DEVICE_FAMILY = "1,2";
			};
			name = Debug;
		};
		BA67D4742954B93E005B57C9 /* Release */ = {
			isa = XCBuildConfiguration;
			baseConfigurationReference = 155F248901481087DDB80711 /* Pods-SmartAccount-Dashboard.release.xcconfig */;
			buildSettings = {
				ASSETCATALOG_COMPILER_APPICON_NAME = AppIcon;
				ASSETCATALOG_COMPILER_GLOBAL_ACCENT_COLOR_NAME = AccentColor;
				CODE_SIGN_STYLE = Automatic;
				CURRENT_PROJECT_VERSION = 1;
				DEVELOPMENT_TEAM = 97AVL57GTN;
				GENERATE_INFOPLIST_FILE = YES;
				INFOPLIST_FILE = "Breaking-PointWidget/Info.plist";
				INFOPLIST_KEY_UIApplicationSupportsIndirectInputEvents = YES;
				INFOPLIST_KEY_UILaunchStoryboardName = LaunchScreen;
				INFOPLIST_KEY_UIMainStoryboardFile = Main;
				INFOPLIST_KEY_UISupportedInterfaceOrientations_iPad = "UIInterfaceOrientationPortrait UIInterfaceOrientationPortraitUpsideDown UIInterfaceOrientationLandscapeLeft UIInterfaceOrientationLandscapeRight";
				INFOPLIST_KEY_UISupportedInterfaceOrientations_iPhone = "UIInterfaceOrientationPortrait UIInterfaceOrientationLandscapeLeft UIInterfaceOrientationLandscapeRight";
				LD_RUNPATH_SEARCH_PATHS = (
					"$(inherited)",
					"@executable_path/Frameworks",
				);
				MARKETING_VERSION = 1.0;
				PRODUCT_BUNDLE_IDENTIFIER = "com.bank.app.Breaking-PointWidget";
				PRODUCT_NAME = "$(TARGET_NAME)";
				SWIFT_EMIT_LOC_STRINGS = YES;
				SWIFT_VERSION = 5.0;
				TARGETED_DEVICE_FAMILY = "1,2";
			};
			name = Release;
		};
/* End XCBuildConfiguration section */

/* Begin XCConfigurationList section */
		BA1F4DEC2962F46100D8EB55 /* Build configuration list for PBXNativeTarget "BankAccounts" */ = {
			isa = XCConfigurationList;
			buildConfigurations = (
				BA1F4DEA2962F46100D8EB55 /* Debug */,
				BA1F4DEB2962F46100D8EB55 /* Release */,
			);
			defaultConfigurationIsVisible = 0;
			defaultConfigurationName = Release;
		};
		BA67D4412954B585005B57C9 /* Build configuration list for PBXProject "SmartAccounts" */ = {
			isa = XCConfigurationList;
			buildConfigurations = (
				BA67D4582954B587005B57C9 /* Debug */,
				BA67D4592954B587005B57C9 /* Release */,
			);
			defaultConfigurationIsVisible = 0;
			defaultConfigurationName = Release;
		};
		BA67D45A2954B587005B57C9 /* Build configuration list for PBXNativeTarget "SmartAccount" */ = {
			isa = XCConfigurationList;
			buildConfigurations = (
				BA67D45B2954B587005B57C9 /* Debug */,
				BA67D45C2954B587005B57C9 /* Release */,
			);
			defaultConfigurationIsVisible = 0;
			defaultConfigurationName = Release;
		};
		BA67D4722954B93E005B57C9 /* Build configuration list for PBXNativeTarget "SmartAccount-Dashboard" */ = {
			isa = XCConfigurationList;
			buildConfigurations = (
				BA67D4732954B93E005B57C9 /* Debug */,
				BA67D4742954B93E005B57C9 /* Release */,
			);
			defaultConfigurationIsVisible = 0;
			defaultConfigurationName = Release;
		};
/* End XCConfigurationList section */
	};
	rootObject = BA67D43E2954B585005B57C9 /* Project object */;
}
